
Microsoft Visual Studio Solution File, Format Version 12.00
# Visual Studio 2013
VisualStudioVersion = 12.0.40629.0
MinimumVisualStudioVersion = 10.0.40219.1
Project("{FAE04EC0-301F-11D3-BF4B-00C04F79EFBC}") = "Dixiton.Web", "Dixiton\Dixiton.Web.csproj", "{EC63D789-3B31-438E-89AE-5A57CD3513CF}"
EndProject
Project("{FAE04EC0-301F-11D3-BF4B-00C04F79EFBC}") = "Dixiton.Tests", "Dixiton.Tests\Dixiton.Tests.csproj", "{8221988B-EA9B-429A-9EFE-DAAB75C15459}"
EndProject
Project("{FAE04EC0-301F-11D3-BF4B-00C04F79EFBC}") = "Dixiton.Logic", "Dixiton.Logic\Dixiton.Logic.csproj", "{B374F659-86FA-4F01-88A8-3F06E80C46A1}"
EndProject
Project("{FAE04EC0-301F-11D3-BF4B-00C04F79EFBC}") = "Dixiton.Dtos", "Dixiton.Dtos\Dixiton.Dtos.csproj", "{B56B3CD8-F916-43EC-B8F4-74F413F54300}"
EndProject
Project("{FAE04EC0-301F-11D3-BF4B-00C04F79EFBC}") = "Dixiton.DataAccess", "Dixiton.DataAccess\Dixiton.DataAccess.csproj", "{5C34A4ED-9A71-48A9-A5CA-EFE71395F5F0}"
EndProject
Global
	GlobalSection(SolutionConfigurationPlatforms) = preSolution
		Debug|Any CPU = Debug|Any CPU
		Release|Any CPU = Release|Any CPU
	EndGlobalSection
	GlobalSection(ProjectConfigurationPlatforms) = postSolution
		{EC63D789-3B31-438E-89AE-5A57CD3513CF}.Debug|Any CPU.ActiveCfg = Debug|Any CPU
		{EC63D789-3B31-438E-89AE-5A57CD3513CF}.Debug|Any CPU.Build.0 = Debug|Any CPU
		{EC63D789-3B31-438E-89AE-5A57CD3513CF}.Release|Any CPU.ActiveCfg = Release|Any CPU
		{EC63D789-3B31-438E-89AE-5A57CD3513CF}.Release|Any CPU.Build.0 = Release|Any CPU
		{8221988B-EA9B-429A-9EFE-DAAB75C15459}.Debug|Any CPU.ActiveCfg = Debug|Any CPU
		{8221988B-EA9B-429A-9EFE-DAAB75C15459}.Debug|Any CPU.Build.0 = Debug|Any CPU
		{8221988B-EA9B-429A-9EFE-DAAB75C15459}.Release|Any CPU.ActiveCfg = Release|Any CPU
		{8221988B-EA9B-429A-9EFE-DAAB75C15459}.Release|Any CPU.Build.0 = Release|Any CPU
		{B374F659-86FA-4F01-88A8-3F06E80C46A1}.Debug|Any CPU.ActiveCfg = Debug|Any CPU
		{B374F659-86FA-4F01-88A8-3F06E80C46A1}.Debug|Any CPU.Build.0 = Debug|Any CPU
		{B374F659-86FA-4F01-88A8-3F06E80C46A1}.Release|Any CPU.ActiveCfg = Release|Any CPU
		{B374F659-86FA-4F01-88A8-3F06E80C46A1}.Release|Any CPU.Build.0 = Release|Any CPU
		{B56B3CD8-F916-43EC-B8F4-74F413F54300}.Debug|Any CPU.ActiveCfg = Debug|Any CPU
		{B56B3CD8-F916-43EC-B8F4-74F413F54300}.Debug|Any CPU.Build.0 = Debug|Any CPU
		{B56B3CD8-F916-43EC-B8F4-74F413F54300}.Release|Any CPU.ActiveCfg = Release|Any CPU
		{B56B3CD8-F916-43EC-B8F4-74F413F54300}.Release|Any CPU.Build.0 = Release|Any CPU
		{5C34A4ED-9A71-48A9-A5CA-EFE71395F5F0}.Debug|Any CPU.ActiveCfg = Debug|Any CPU
		{5C34A4ED-9A71-48A9-A5CA-EFE71395F5F0}.Debug|Any CPU.Build.0 = Debug|Any CPU
		{5C34A4ED-9A71-48A9-A5CA-EFE71395F5F0}.Release|Any CPU.ActiveCfg = Release|Any CPU
		{5C34A4ED-9A71-48A9-A5CA-EFE71395F5F0}.Release|Any CPU.Build.0 = Release|Any CPU
	EndGlobalSection
	GlobalSection(SolutionProperties) = preSolution
		HideSolutionNode = FALSE
	EndGlobalSection
EndGlobal
